
Microsoft Visual Studio Solution File, Format Version 12.00
Project("{FAE04EC0-301F-11D3-BF4B-00C04F79EFBC}") = "System Monitor API v2", "System Monitor API v2.csproj", "{B537AA7E-9EA0-4FE7-BD00-571674FB4488}"
EndProject
Global
	GlobalSection(SolutionConfigurationPlatforms) = preSolution
		Debug|Any CPU = Debug|Any CPU
		Release|Any CPU = Release|Any CPU
	EndGlobalSection
	GlobalSection(ProjectConfigurationPlatforms) = postSolution
		{B537AA7E-9EA0-4FE7-BD00-571674FB4488}.Debug|Any CPU.ActiveCfg = Debug|Any CPU
		{B537AA7E-9EA0-4FE7-BD00-571674FB4488}.Debug|Any CPU.Build.0 = Debug|Any CPU
		{B537AA7E-9EA0-4FE7-BD00-571674FB4488}.Release|Any CPU.ActiveCfg = Release|Any CPU
		{B537AA7E-9EA0-4FE7-BD00-571674FB4488}.Release|Any CPU.Build.0 = Release|Any CPU
	EndGlobalSection
EndGlobal
